
Microsoft Visual Studio Solution File, Format Version 12.00
# Visual Studio 14
VisualStudioVersion = 14.0.23107.0
MinimumVisualStudioVersion = 10.0.40219.1
Project("{FAE04EC0-301F-11D3-BF4B-00C04F79EFBC}") = "Dir2Dac", "Dir2Dac\Dir2Dac.csproj", "{434935BE-FCD9-4C5D-8BA4-6089587D37D6}"
EndProject
Project("{FAE04EC0-301F-11D3-BF4B-00C04F79EFBC}") = "dir2dac.unittests", "test\dir2dac.unittests\dir2dac.unittests.csproj", "{A9EABA45-8E01-4199-A5D8-3987FF77B480}"
EndProject
Global
	GlobalSection(SolutionConfigurationPlatforms) = preSolution
		Debug|Any CPU = Debug|Any CPU
		Release|Any CPU = Release|Any CPU
	EndGlobalSection
	GlobalSection(ProjectConfigurationPlatforms) = postSolution
		{434935BE-FCD9-4C5D-8BA4-6089587D37D6}.Debug|Any CPU.ActiveCfg = Debug|Any CPU
		{434935BE-FCD9-4C5D-8BA4-6089587D37D6}.Debug|Any CPU.Build.0 = Debug|Any CPU
		{434935BE-FCD9-4C5D-8BA4-6089587D37D6}.Release|Any CPU.ActiveCfg = Release|Any CPU
		{434935BE-FCD9-4C5D-8BA4-6089587D37D6}.Release|Any CPU.Build.0 = Release|Any CPU
		{A9EABA45-8E01-4199-A5D8-3987FF77B480}.Debug|Any CPU.ActiveCfg = Debug|Any CPU
		{A9EABA45-8E01-4199-A5D8-3987FF77B480}.Debug|Any CPU.Build.0 = Debug|Any CPU
		{A9EABA45-8E01-4199-A5D8-3987FF77B480}.Release|Any CPU.ActiveCfg = Release|Any CPU
		{A9EABA45-8E01-4199-A5D8-3987FF77B480}.Release|Any CPU.Build.0 = Release|Any CPU
	EndGlobalSection
	GlobalSection(SolutionProperties) = preSolution
		HideSolutionNode = FALSE
	EndGlobalSection
EndGlobal
